
Microsoft Visual Studio Solution File, Format Version 12.00
# Visual Studio 15
VisualStudioVersion = 15.0.27428.2015
MinimumVisualStudioVersion = 10.0.40219.1
Project("{FAE04EC0-301F-11D3-BF4B-00C04F79EFBC}") = "Fractals", "Fractals\Fractals.csproj", "{40A4782A-3B01-481A-B20F-D6C23BC77765}"
EndProject
Global
	GlobalSection(SolutionConfigurationPlatforms) = preSolution
		Debug|Any CPU = Debug|Any CPU
		Release|Any CPU = Release|Any CPU
	EndGlobalSection
	GlobalSection(ProjectConfigurationPlatforms) = postSolution
		{40A4782A-3B01-481A-B20F-D6C23BC77765}.Debug|Any CPU.ActiveCfg = Debug|Any CPU
		{40A4782A-3B01-481A-B20F-D6C23BC77765}.Debug|Any CPU.Build.0 = Debug|Any CPU
		{40A4782A-3B01-481A-B20F-D6C23BC77765}.Release|Any CPU.ActiveCfg = Release|Any CPU
		{40A4782A-3B01-481A-B20F-D6C23BC77765}.Release|Any CPU.Build.0 = Release|Any CPU
	EndGlobalSection
	GlobalSection(SolutionProperties) = preSolution
		HideSolutionNode = FALSE
	EndGlobalSection
	GlobalSection(ExtensibilityGlobals) = postSolution
		SolutionGuid = {F60FC957-4FDB-42E7-8CE8-5DA09557ACAE}
	EndGlobalSection
EndGlobal
